{
  "version": 4,
  "terraform_version": "1.13.3",
  "serial": 29,
  "lineage": "368857b5-0697-39f4-87c6-b239f50a767b",
  "outputs": {
    "container_ip": {
      "value": "172.18.0.2",
      "type": "string"
    }
  },
  "resources": [
    {
      "mode": "managed",
      "type": "random_id",
      "name": "hex",
      "provider": "provider[\"registry.terraform.io/hashicorp/random\"]",
      "instances": [
        {
          "schema_version": 0,
          "attributes": {
            "b64_std": "9fh00g==",
            "b64_url": "9fh00g",
            "byte_length": 4,
            "dec": "4126700754",
            "hex": "f5f874d2",
            "id": "9fh00g",
            "keepers": null,
            "prefix": null
          },
          "sensitive_attributes": [],
          "identity_schema_version": 0
        }
      ]
    }
  ],
  "check_results": null
}
